// !$*UTF8*$!
{
	archiveVersion = 1;
	classes = {
	};
	objectVersion = 56;
	objects = {

/* Begin PBXBuildFile section */
		6924754C2997C19300CC7DA1 /* ArticleViewController.swift in Sources */ = {isa = PBXBuildFile; fileRef = 6924754B2997C19300CC7DA1 /* ArticleViewController.swift */; };
		6924754E2997C22000CC7DA1 /* ArticleScrollView.swift in Sources */ = {isa = PBXBuildFile; fileRef = 6924754D2997C22000CC7DA1 /* ArticleScrollView.swift */; };
		69249CF9299A92BF00A76303 /* ArticleTextViewController.swift in Sources */ = {isa = PBXBuildFile; fileRef = 69249CF8299A92BF00A76303 /* ArticleTextViewController.swift */; };
		69A84CE82C75F5BD00A5C6E3 /* UnselectableTappableTextView.swift in Sources */ = {isa = PBXBuildFile; fileRef = 69A84CE72C75F5BD00A5C6E3 /* UnselectableTappableTextView.swift */; };
		69A87AE02B88E10D00FAFA73 /* API Keys.plist in Resources */ = {isa = PBXBuildFile; fileRef = 69A87ADE2B88E10D00FAFA73 /* API Keys.plist */; settings = {ASSET_TAGS = ("API Keys", ); }; };
		69A87AE12B88E10D00FAFA73 /* Constants.swift in Sources */ = {isa = PBXBuildFile; fileRef = 69A87ADF2B88E10D00FAFA73 /* Constants.swift */; };
		69BA30052990FAF60041215E /* AppDelegate.swift in Sources */ = {isa = PBXBuildFile; fileRef = 69BA30042990FAF60041215E /* AppDelegate.swift */; };
		69BA30072990FAF60041215E /* SceneDelegate.swift in Sources */ = {isa = PBXBuildFile; fileRef = 69BA30062990FAF60041215E /* SceneDelegate.swift */; };
		69BA30092990FAF60041215E /* ArticleListViewController.swift in Sources */ = {isa = PBXBuildFile; fileRef = 69BA30082990FAF60041215E /* ArticleListViewController.swift */; };
		69BA300E2990FAF70041215E /* Assets.xcassets in Resources */ = {isa = PBXBuildFile; fileRef = 69BA300D2990FAF70041215E /* Assets.xcassets */; };
		69BA301B2990FCB90041215E /* NewsClient.swift in Sources */ = {isa = PBXBuildFile; fileRef = 69BA301A2990FCB90041215E /* NewsClient.swift */; };
		69BA30222990FF630041215E /* News.swift in Sources */ = {isa = PBXBuildFile; fileRef = 69BA30212990FF630041215E /* News.swift */; };
		69BA302829914E9C0041215E /* ArticleListViewCell.swift in Sources */ = {isa = PBXBuildFile; fileRef = 69BA302729914E9C0041215E /* ArticleListViewCell.swift */; };
		69BA302B2991524F0041215E /* UIImageView + Extensions.swift in Sources */ = {isa = PBXBuildFile; fileRef = 69BA302A2991524F0041215E /* UIImageView + Extensions.swift */; };
		69D7E4EB2AB994E00086CBA4 /* ControlPublisher.swift in Sources */ = {isa = PBXBuildFile; fileRef = 69D7E4EA2AB994E00086CBA4 /* ControlPublisher.swift */; };
		69D7E4ED2AB9951E0086CBA4 /* ArticleListViewModel.swift in Sources */ = {isa = PBXBuildFile; fileRef = 69D7E4EC2AB9951E0086CBA4 /* ArticleListViewModel.swift */; };
/* End PBXBuildFile section */

/* Begin PBXFileReference section */
		6924754B2997C19300CC7DA1 /* ArticleViewController.swift */ = {isa = PBXFileReference; lastKnownFileType = sourcecode.swift; path = ArticleViewController.swift; sourceTree = "<group>"; };
		6924754D2997C22000CC7DA1 /* ArticleScrollView.swift */ = {isa = PBXFileReference; lastKnownFileType = sourcecode.swift; path = ArticleScrollView.swift; sourceTree = "<group>"; };
		69249CF8299A92BF00A76303 /* ArticleTextViewController.swift */ = {isa = PBXFileReference; lastKnownFileType = sourcecode.swift; path = ArticleTextViewController.swift; sourceTree = "<group>"; };
		69A84CE72C75F5BD00A5C6E3 /* UnselectableTappableTextView.swift */ = {isa = PBXFileReference; lastKnownFileType = sourcecode.swift; path = UnselectableTappableTextView.swift; sourceTree = "<group>"; };
		69A87ADE2B88E10D00FAFA73 /* API Keys.plist */ = {isa = PBXFileReference; fileEncoding = 4; lastKnownFileType = text.plist.xml; path = "API Keys.plist"; sourceTree = "<group>"; };
		69A87ADF2B88E10D00FAFA73 /* Constants.swift */ = {isa = PBXFileReference; fileEncoding = 4; lastKnownFileType = sourcecode.swift; path = Constants.swift; sourceTree = "<group>"; };
		69BA30012990FAF60041215E /* NewsApp.app */ = {isa = PBXFileReference; explicitFileType = wrapper.application; includeInIndex = 0; path = NewsApp.app; sourceTree = BUILT_PRODUCTS_DIR; };
		69BA30042990FAF60041215E /* AppDelegate.swift */ = {isa = PBXFileReference; lastKnownFileType = sourcecode.swift; path = AppDelegate.swift; sourceTree = "<group>"; };
		69BA30062990FAF60041215E /* SceneDelegate.swift */ = {isa = PBXFileReference; lastKnownFileType = sourcecode.swift; path = SceneDelegate.swift; sourceTree = "<group>"; };
		69BA30082990FAF60041215E /* ArticleListViewController.swift */ = {isa = PBXFileReference; lastKnownFileType = sourcecode.swift; path = ArticleListViewController.swift; sourceTree = "<group>"; };
		69BA300D2990FAF70041215E /* Assets.xcassets */ = {isa = PBXFileReference; lastKnownFileType = folder.assetcatalog; path = Assets.xcassets; sourceTree = "<group>"; };
		69BA30122990FAF70041215E /* Info.plist */ = {isa = PBXFileReference; lastKnownFileType = text.plist.xml; path = Info.plist; sourceTree = "<group>"; };
		69BA301A2990FCB90041215E /* NewsClient.swift */ = {isa = PBXFileReference; lastKnownFileType = sourcecode.swift; path = NewsClient.swift; sourceTree = "<group>"; };
		69BA30212990FF630041215E /* News.swift */ = {isa = PBXFileReference; lastKnownFileType = sourcecode.swift; path = News.swift; sourceTree = "<group>"; };
		69BA302729914E9C0041215E /* ArticleListViewCell.swift */ = {isa = PBXFileReference; lastKnownFileType = sourcecode.swift; path = ArticleListViewCell.swift; sourceTree = "<group>"; };
		69BA302A2991524F0041215E /* UIImageView + Extensions.swift */ = {isa = PBXFileReference; lastKnownFileType = sourcecode.swift; path = "UIImageView + Extensions.swift"; sourceTree = "<group>"; };
		69D7E4EA2AB994E00086CBA4 /* ControlPublisher.swift */ = {isa = PBXFileReference; lastKnownFileType = sourcecode.swift; path = ControlPublisher.swift; sourceTree = "<group>"; };
		69D7E4EC2AB9951E0086CBA4 /* ArticleListViewModel.swift */ = {isa = PBXFileReference; lastKnownFileType = sourcecode.swift; path = ArticleListViewModel.swift; sourceTree = "<group>"; };
/* End PBXFileReference section */

/* Begin PBXFrameworksBuildPhase section */
		69BA2FFE2990FAF60041215E /* Frameworks */ = {
			isa = PBXFrameworksBuildPhase;
			buildActionMask = 2147483647;
			files = (
			);
			runOnlyForDeploymentPostprocessing = 0;
		};
/* End PBXFrameworksBuildPhase section */

/* Begin PBXGroup section */
		695E5D6F2AB2153E007984A7 /* ArticleListScene */ = {
			isa = PBXGroup;
			children = (
				69BA302729914E9C0041215E /* ArticleListViewCell.swift */,
				69BA30082990FAF60041215E /* ArticleListViewController.swift */,
				69D7E4EC2AB9951E0086CBA4 /* ArticleListViewModel.swift */,
			);
			path = ArticleListScene;
			sourceTree = "<group>";
		};
		695E5D702AB21564007984A7 /* ArticleScene */ = {
			isa = PBXGroup;
			children = (
				6924754D2997C22000CC7DA1 /* ArticleScrollView.swift */,
				6924754B2997C19300CC7DA1 /* ArticleViewController.swift */,
				69A84CE72C75F5BD00A5C6E3 /* UnselectableTappableTextView.swift */,
			);
			path = ArticleScene;
			sourceTree = "<group>";
		};
		695E5D712AB2157F007984A7 /* ArticleTextScene */ = {
			isa = PBXGroup;
			children = (
				69249CF8299A92BF00A76303 /* ArticleTextViewController.swift */,
			);
			path = ArticleTextScene;
			sourceTree = "<group>";
		};
		69BA2FF82990FAF60041215E = {
			isa = PBXGroup;
			children = (
				69BA30032990FAF60041215E /* NewsApp */,
				69BA30022990FAF60041215E /* Products */,
			);
			sourceTree = "<group>";
		};
		69BA30022990FAF60041215E /* Products */ = {
			isa = PBXGroup;
			children = (
				69BA30012990FAF60041215E /* NewsApp.app */,
			);
			name = Products;
			sourceTree = "<group>";
		};
		69BA30032990FAF60041215E /* NewsApp */ = {
			isa = PBXGroup;
			children = (
				69BA301A2990FCB90041215E /* NewsClient.swift */,
				695E5D712AB2157F007984A7 /* ArticleTextScene */,
				695E5D702AB21564007984A7 /* ArticleScene */,
				695E5D6F2AB2153E007984A7 /* ArticleListScene */,
				69BA3029299152410041215E /* Extensions */,
				69BA301C2990FE100041215E /* Resources */,
				69BA30182990FCA20041215E /* Models */,
				69BA30042990FAF60041215E /* AppDelegate.swift */,
				69BA30062990FAF60041215E /* SceneDelegate.swift */,
			);
			path = NewsApp;
			sourceTree = "<group>";
		};
		69BA30182990FCA20041215E /* Models */ = {
			isa = PBXGroup;
			children = (
				69BA30212990FF630041215E /* News.swift */,
			);
			path = Models;
			sourceTree = "<group>";
		};
		69BA301C2990FE100041215E /* Resources */ = {
			isa = PBXGroup;
			children = (
				69A87ADE2B88E10D00FAFA73 /* API Keys.plist */,
				69A87ADF2B88E10D00FAFA73 /* Constants.swift */,
				69BA30122990FAF70041215E /* Info.plist */,
				69BA300D2990FAF70041215E /* Assets.xcassets */,
			);
			path = Resources;
			sourceTree = "<group>";
		};
		69BA3029299152410041215E /* Extensions */ = {
			isa = PBXGroup;
			children = (
				69D7E4EA2AB994E00086CBA4 /* ControlPublisher.swift */,
				69BA302A2991524F0041215E /* UIImageView + Extensions.swift */,
			);
			path = Extensions;
			sourceTree = "<group>";
		};
/* End PBXGroup section */

/* Begin PBXNativeTarget section */
		69BA30002990FAF60041215E /* NewsApp */ = {
			isa = PBXNativeTarget;
			buildConfigurationList = 69BA30152990FAF70041215E /* Build configuration list for PBXNativeTarget "NewsApp" */;
			buildPhases = (
				69BA2FFD2990FAF60041215E /* Sources */,
				69BA2FFE2990FAF60041215E /* Frameworks */,
				69BA2FFF2990FAF60041215E /* Resources */,
			);
			buildRules = (
			);
			dependencies = (
			);
			name = NewsApp;
			productName = NewsApp;
			productReference = 69BA30012990FAF60041215E /* NewsApp.app */;
			productType = "com.apple.product-type.application";
		};
/* End PBXNativeTarget section */

/* Begin PBXProject section */
		69BA2FF92990FAF60041215E /* Project object */ = {
			isa = PBXProject;
			attributes = {
				BuildIndependentTargetsInParallel = 1;
				KnownAssetTags = (
					"API Keys",
				);
				LastSwiftUpdateCheck = 1420;
				LastUpgradeCheck = 1500;
				TargetAttributes = {
					69BA30002990FAF60041215E = {
						CreatedOnToolsVersion = 14.2;
					};
				};
			};
			buildConfigurationList = 69BA2FFC2990FAF60041215E /* Build configuration list for PBXProject "NewsApp" */;
			compatibilityVersion = "Xcode 14.0";
			developmentRegion = en;
			hasScannedForEncodings = 0;
			knownRegions = (
				en,
				Base,
			);
			mainGroup = 69BA2FF82990FAF60041215E;
			productRefGroup = 69BA30022990FAF60041215E /* Products */;
			projectDirPath = "";
			projectRoot = "";
			targets = (
				69BA30002990FAF60041215E /* NewsApp */,
			);
		};
/* End PBXProject section */

/* Begin PBXResourcesBuildPhase section */
		69BA2FFF2990FAF60041215E /* Resources */ = {
			isa = PBXResourcesBuildPhase;
			buildActionMask = 2147483647;
			files = (
				69A87AE02B88E10D00FAFA73 /* API Keys.plist in Resources */,
				69BA300E2990FAF70041215E /* Assets.xcassets in Resources */,
			);
			runOnlyForDeploymentPostprocessing = 0;
		};
/* End PBXResourcesBuildPhase section */

/* Begin PBXSourcesBuildPhase section */
		69BA2FFD2990FAF60041215E /* Sources */ = {
			isa = PBXSourcesBuildPhase;
			buildActionMask = 2147483647;
			files = (
				69249CF9299A92BF00A76303 /* ArticleTextViewController.swift in Sources */,
				69D7E4ED2AB9951E0086CBA4 /* ArticleListViewModel.swift in Sources */,
				6924754C2997C19300CC7DA1 /* ArticleViewController.swift in Sources */,
				69BA302B2991524F0041215E /* UIImageView + Extensions.swift in Sources */,
				69A84CE82C75F5BD00A5C6E3 /* UnselectableTappableTextView.swift in Sources */,
				69BA302829914E9C0041215E /* ArticleListViewCell.swift in Sources */,
				69A87AE12B88E10D00FAFA73 /* Constants.swift in Sources */,
				69BA301B2990FCB90041215E /* NewsClient.swift in Sources */,
				69BA30092990FAF60041215E /* ArticleListViewController.swift in Sources */,
				69BA30052990FAF60041215E /* AppDelegate.swift in Sources */,
				69D7E4EB2AB994E00086CBA4 /* ControlPublisher.swift in Sources */,
				69BA30222990FF630041215E /* News.swift in Sources */,
				6924754E2997C22000CC7DA1 /* ArticleScrollView.swift in Sources */,
				69BA30072990FAF60041215E /* SceneDelegate.swift in Sources */,
			);
			runOnlyForDeploymentPostprocessing = 0;
		};
/* End PBXSourcesBuildPhase section */

/* Begin XCBuildConfiguration section */
		69BA30132990FAF70041215E /* Debug */ = {
			isa = XCBuildConfiguration;
			buildSettings = {
				ALWAYS_SEARCH_USER_PATHS = NO;
				CLANG_ANALYZER_NONNULL = YES;
				CLANG_ANALYZER_NUMBER_OBJECT_CONVERSION = YES_AGGRESSIVE;
				CLANG_CXX_LANGUAGE_STANDARD = "gnu++20";
				CLANG_ENABLE_MODULES = YES;
				CLANG_ENABLE_OBJC_ARC = YES;
				CLANG_ENABLE_OBJC_WEAK = YES;
				CLANG_WARN_BLOCK_CAPTURE_AUTORELEASING = YES;
				CLANG_WARN_BOOL_CONVERSION = YES;
				CLANG_WARN_COMMA = YES;
				CLANG_WARN_CONSTANT_CONVERSION = YES;
				CLANG_WARN_DEPRECATED_OBJC_IMPLEMENTATIONS = YES;
				CLANG_WARN_DIRECT_OBJC_ISA_USAGE = YES_ERROR;
				CLANG_WARN_DOCUMENTATION_COMMENTS = YES;
				CLANG_WARN_EMPTY_BODY = YES;
				CLANG_WARN_ENUM_CONVERSION = YES;
				CLANG_WARN_INFINITE_RECURSION = YES;
				CLANG_WARN_INT_CONVERSION = YES;
				CLANG_WARN_NON_LITERAL_NULL_CONVERSION = YES;
				CLANG_WARN_OBJC_IMPLICIT_RETAIN_SELF = YES;
				CLANG_WARN_OBJC_LITERAL_CONVERSION = YES;
				CLANG_WARN_OBJC_ROOT_CLASS = YES_ERROR;
				CLANG_WARN_QUOTED_INCLUDE_IN_FRAMEWORK_HEADER = YES;
				CLANG_WARN_RANGE_LOOP_ANALYSIS = YES;
				CLANG_WARN_STRICT_PROTOTYPES = YES;
				CLANG_WARN_SUSPICIOUS_MOVE = YES;
				CLANG_WARN_UNGUARDED_AVAILABILITY = YES_AGGRESSIVE;
				CLANG_WARN_UNREACHABLE_CODE = YES;
				CLANG_WARN__DUPLICATE_METHOD_MATCH = YES;
				COPY_PHASE_STRIP = NO;
				DEBUG_INFORMATION_FORMAT = dwarf;
				ENABLE_STRICT_OBJC_MSGSEND = YES;
				ENABLE_TESTABILITY = YES;
				ENABLE_USER_SCRIPT_SANDBOXING = YES;
				GCC_C_LANGUAGE_STANDARD = gnu11;
				GCC_DYNAMIC_NO_PIC = NO;
				GCC_NO_COMMON_BLOCKS = YES;
				GCC_OPTIMIZATION_LEVEL = 0;
				GCC_PREPROCESSOR_DEFINITIONS = (
					"DEBUG=1",
					"$(inherited)",
				);
				GCC_WARN_64_TO_32_BIT_CONVERSION = YES;
				GCC_WARN_ABOUT_RETURN_TYPE = YES_ERROR;
				GCC_WARN_UNDECLARED_SELECTOR = YES;
				GCC_WARN_UNINITIALIZED_AUTOS = YES_AGGRESSIVE;
				GCC_WARN_UNUSED_FUNCTION = YES;
				GCC_WARN_UNUSED_VARIABLE = YES;
				IPHONEOS_DEPLOYMENT_TARGET = 17.0;
				MTL_ENABLE_DEBUG_INFO = INCLUDE_SOURCE;
				MTL_FAST_MATH = YES;
				ONLY_ACTIVE_ARCH = YES;
				SDKROOT = iphoneos;
				SWIFT_ACTIVE_COMPILATION_CONDITIONS = DEBUG;
				SWIFT_OPTIMIZATION_LEVEL = "-Onone";
			};
			name = Debug;
		};
		69BA30142990FAF70041215E /* Release */ = {
			isa = XCBuildConfiguration;
			buildSettings = {
				ALWAYS_SEARCH_USER_PATHS = NO;
				CLANG_ANALYZER_NONNULL = YES;
				CLANG_ANALYZER_NUMBER_OBJECT_CONVERSION = YES_AGGRESSIVE;
				CLANG_CXX_LANGUAGE_STANDARD = "gnu++20";
				CLANG_ENABLE_MODULES = YES;
				CLANG_ENABLE_OBJC_ARC = YES;
				CLANG_ENABLE_OBJC_WEAK = YES;
				CLANG_WARN_BLOCK_CAPTURE_AUTORELEASING = YES;
				CLANG_WARN_BOOL_CONVERSION = YES;
				CLANG_WARN_COMMA = YES;
				CLANG_WARN_CONSTANT_CONVERSION = YES;
				CLANG_WARN_DEPRECATED_OBJC_IMPLEMENTATIONS = YES;
				CLANG_WARN_DIRECT_OBJC_ISA_USAGE = YES_ERROR;
				CLANG_WARN_DOCUMENTATION_COMMENTS = YES;
				CLANG_WARN_EMPTY_BODY = YES;
				CLANG_WARN_ENUM_CONVERSION = YES;
				CLANG_WARN_INFINITE_RECURSION = YES;
				CLANG_WARN_INT_CONVERSION = YES;
				CLANG_WARN_NON_LITERAL_NULL_CONVERSION = YES;
				CLANG_WARN_OBJC_IMPLICIT_RETAIN_SELF = YES;
				CLANG_WARN_OBJC_LITERAL_CONVERSION = YES;
				CLANG_WARN_OBJC_ROOT_CLASS = YES_ERROR;
				CLANG_WARN_QUOTED_INCLUDE_IN_FRAMEWORK_HEADER = YES;
				CLANG_WARN_RANGE_LOOP_ANALYSIS = YES;
				CLANG_WARN_STRICT_PROTOTYPES = YES;
				CLANG_WARN_SUSPICIOUS_MOVE = YES;
				CLANG_WARN_UNGUARDED_AVAILABILITY = YES_AGGRESSIVE;
				CLANG_WARN_UNREACHABLE_CODE = YES;
				CLANG_WARN__DUPLICATE_METHOD_MATCH = YES;
				COPY_PHASE_STRIP = NO;
				DEBUG_INFORMATION_FORMAT = "dwarf-with-dsym";
				ENABLE_NS_ASSERTIONS = NO;
				ENABLE_STRICT_OBJC_MSGSEND = YES;
				ENABLE_USER_SCRIPT_SANDBOXING = YES;
				GCC_C_LANGUAGE_STANDARD = gnu11;
				GCC_NO_COMMON_BLOCKS = YES;
				GCC_WARN_64_TO_32_BIT_CONVERSION = YES;
				GCC_WARN_ABOUT_RETURN_TYPE = YES_ERROR;
				GCC_WARN_UNDECLARED_SELECTOR = YES;
				GCC_WARN_UNINITIALIZED_AUTOS = YES_AGGRESSIVE;
				GCC_WARN_UNUSED_FUNCTION = YES;
				GCC_WARN_UNUSED_VARIABLE = YES;
				IPHONEOS_DEPLOYMENT_TARGET = 17.0;
				MTL_ENABLE_DEBUG_INFO = NO;
				MTL_FAST_MATH = YES;
				SDKROOT = iphoneos;
				SWIFT_COMPILATION_MODE = wholemodule;
				SWIFT_OPTIMIZATION_LEVEL = "-O";
				VALIDATE_PRODUCT = YES;
			};
			name = Release;
		};
		69BA30162990FAF70041215E /* Debug */ = {
			isa = XCBuildConfiguration;
			buildSettings = {
				ASSETCATALOG_COMPILER_APPICON_NAME = AppIcon;
				ASSETCATALOG_COMPILER_GLOBAL_ACCENT_COLOR_NAME = AccentColor;
				CODE_SIGN_STYLE = Automatic;
				CURRENT_PROJECT_VERSION = 1;
				DEVELOPMENT_TEAM = KZY2C4A2P7;
				GENERATE_INFOPLIST_FILE = YES;
				INFOPLIST_FILE = NewsApp/Resources/Info.plist;
				INFOPLIST_KEY_UIApplicationSupportsIndirectInputEvents = YES;
				INFOPLIST_KEY_UIMainStoryboardFile = "";
				INFOPLIST_KEY_UISupportedInterfaceOrientations_iPad = "UIInterfaceOrientationPortrait UIInterfaceOrientationPortraitUpsideDown UIInterfaceOrientationLandscapeLeft UIInterfaceOrientationLandscapeRight";
				INFOPLIST_KEY_UISupportedInterfaceOrientations_iPhone = "UIInterfaceOrientationPortrait UIInterfaceOrientationLandscapeLeft UIInterfaceOrientationLandscapeRight";
				IPHONEOS_DEPLOYMENT_TARGET = 14.0;
				LD_RUNPATH_SEARCH_PATHS = (
					"$(inherited)",
					"@executable_path/Frameworks",
				);
				MARKETING_VERSION = 1.0;
				PRODUCT_BUNDLE_IDENTIFIER = com.dewerro.NewsApp;
				PRODUCT_NAME = "$(TARGET_NAME)";
				SWIFT_EMIT_LOC_STRINGS = YES;
				SWIFT_VERSION = 5.0;
				TARGETED_DEVICE_FAMILY = "1,2";
			};
			name = Debug;
		};
		69BA30172990FAF70041215E /* Release */ = {
			isa = XCBuildConfiguration;
			buildSettings = {
				ASSETCATALOG_COMPILER_APPICON_NAME = AppIcon;
				ASSETCATALOG_COMPILER_GLOBAL_ACCENT_COLOR_NAME = AccentColor;
				CODE_SIGN_STYLE = Automatic;
				CURRENT_PROJECT_VERSION = 1;
				DEVELOPMENT_TEAM = KZY2C4A2P7;
				GENERATE_INFOPLIST_FILE = YES;
				INFOPLIST_FILE = NewsApp/Resources/Info.plist;
				INFOPLIST_KEY_UIApplicationSupportsIndirectInputEvents = YES;
				INFOPLIST_KEY_UIMainStoryboardFile = "";
				INFOPLIST_KEY_UISupportedInterfaceOrientations_iPad = "UIInterfaceOrientationPortrait UIInterfaceOrientationPortraitUpsideDown UIInterfaceOrientationLandscapeLeft UIInterfaceOrientationLandscapeRight";
				INFOPLIST_KEY_UISupportedInterfaceOrientations_iPhone = "UIInterfaceOrientationPortrait UIInterfaceOrientationLandscapeLeft UIInterfaceOrientationLandscapeRight";
				IPHONEOS_DEPLOYMENT_TARGET = 14.0;
				LD_RUNPATH_SEARCH_PATHS = (
					"$(inherited)",
					"@executable_path/Frameworks",
				);
				MARKETING_VERSION = 1.0;
				PRODUCT_BUNDLE_IDENTIFIER = com.dewerro.NewsApp;
				PRODUCT_NAME = "$(TARGET_NAME)";
				SWIFT_EMIT_LOC_STRINGS = YES;
				SWIFT_VERSION = 5.0;
				TARGETED_DEVICE_FAMILY = "1,2";
			};
			name = Release;
		};
/* End XCBuildConfiguration section */

/* Begin XCConfigurationList section */
		69BA2FFC2990FAF60041215E /* Build configuration list for PBXProject "NewsApp" */ = {
			isa = XCConfigurationList;
			buildConfigurations = (
				69BA30132990FAF70041215E /* Debug */,
				69BA30142990FAF70041215E /* Release */,
			);
			defaultConfigurationIsVisible = 0;
			defaultConfigurationName = Release;
		};
		69BA30152990FAF70041215E /* Build configuration list for PBXNativeTarget "NewsApp" */ = {
			isa = XCConfigurationList;
			buildConfigurations = (
				69BA30162990FAF70041215E /* Debug */,
				69BA30172990FAF70041215E /* Release */,
			);
			defaultConfigurationIsVisible = 0;
			defaultConfigurationName = Release;
		};
/* End XCConfigurationList section */
	};
	rootObject = 69BA2FF92990FAF60041215E /* Project object */;
}
